github.com/creack/pty v1.1.9/go.mod h1:oKZEueFk5CKHvIhNR5MUki03XCEU+Q6VDXinZuGJ33E=
github.com/davecgh/go-spew v1.1.1 h1:vj9j/u1bqnvCEfJOwUhtlOARqs3+rkHYY13jYWTU97c=
github.com/davecgh/go-spew v1.1.1/go.mod h1:J7Y8YcW2NihsgmVo/mv3lAwl/skON4iLHjSsI+c5H38=
github.com/google/uuid v1.4.0 h1:MtMxsa51/r9yyhkyLsVeVt0B+BGQZzpQiTQ4eHZ8bc4=
github.com/google/uuid v1.4.0/go.mod h1:TIyPZe4MgqvfeYDBFedMoGGpEw/LqOeaOT+nhxU+yHo=
github.com/jkittell/array v0.0.0-20231026221347-37c0de93c457 h1:X1Bk6JUpa12EI13+dqaWUznQDYvz5tuonFCvQBgwYDI=
github.com/jkittell/array v0.0.0-20231026221347-37c0de93c457/go.mod h1:BBFehRHIhJVzGcBhqjBu/lswcmbAVX4gdM030WxgnuY=
github.com/jkittell/ccur v0.0.0-20231111132524-0155451945a9 h1:wvyeLcHTJgkG9gX+pvBP8HyeY9OBuFzBTFLA92vi+h0=
github.com/jkittell/ccur v0.0.0-20231111132524-0155451945a9/go.mod h1:0AB+kQ0LQXPLjcgQfa4XxTft7wEEj0j1mgmbkXvVI2k=
github.com/jkittell/mediastreamparser v0.0.0-20231121173054-d63e2e608506 h1:RLOO/OCO6ZdVO9kbYVgZpD7lCakrCk8FA8SXM8kLrrM=
github.com/jkittell/mediastreamparser v0.0.0-20231121173054-d63e2e608506/go.mod h1:dApaWVyzBY7Xxg/Pu64BB8uvMnOjm+wcEB3qzs4rK4I=
github.com/jkittell/toolbox v0.0.0-20231025185513-a63055b48f44 h1:nsdh0YeXkJg23Ul5lKInamakPW1kT4aL5KJvgIZz6EU=
github.com/jkittell/toolbox v0.0.0-20231025185513-a63055b48f44/go.mod h1:TMGSj7Mho8sRC9Zx7aFE60UGxlrFO3MaQise68LnC14=
github.com/kr/pretty v0.3.1 h1:flRD4NNwYAUpkphVc1HcthR4KEIFJ65n8Mw5qdRn3LE=
github.com/kr/pretty v0.3.1/go.mod h1:hoEshYVHaxMs3cyo3Yncou5ZscifuDolrwPKZanG3xk=
github.com/kr/text v0.2.0 h1:5Nx0Ya0ZqY2ygV366QzturHI13Jq95ApcVaJBhpS+AY=
github.com/kr/text v0.2.0/go.mod h1:eLer722TekiGuMkidMxC/pM04lWEeraHUUmBw8l2grE=
github.com/pkg/diff v0.0.0-20210226163009-20ebb0f2a09e/go.mod h1:pJLUxLENpZxwdsKMEsNbx1VGcRFpLqf3715MtcvvzbA=
github.com/pmezard/go-difflib v1.0.0 h1:4DBwDE0NGyQoBHbLQYPwSUPoCMWR5BEzIk/f1lZbAQM=
github.com/pmezard/go-difflib v1.0.0/go.mod h1:iKH77koFhYxTK1pcRnkKkqfTogsbg7gZNVY4sRDYZ/4=
github.com/rogpeppe/go-internal v1.9.0 h1:73kH8U+JUqXU8lRuOHeVHaa/SZPifC7BkcraZVejAe8=
github.com/rogpeppe/go-internal v1.9.0/go.mod h1:WtVeX8xhTBvf0smdhujwtBcq4Qrzq/fJaraNFVN+nFs=
github.com/stretchr/testify v1.8.4 h1:CcVxjf3Q8PM0mHUKJCdn+eZZtm5yQwehR5yeSVQQcUk=
github.com/unki2aut/go-mpd v0.0.0-20200811090714-f633ce416f26 h1:qaFhrVAl4AtoQ8CLEy+hf4EclL3coMzSlBsjdgRbS5E=
github.com/unki2aut/go-mpd v0.0.0-20200811090714-f633ce416f26/go.mod h1:trwsqu3HBFm9ijXRgJZSfyfnS6qGgfuv2x4aVSS+ock=
github.com/unki2aut/go-xsd-types v0.0.0-20200220223938-30e5405398f8 h1:u0Bi6Mf8BKPQnxGJ7QubdMyhb0SJjnQU7kX0BA9eASk=
github.com/unki2aut/go-xsd-types v0.0.0-20200220223938-30e5405398f8/go.mod h1:uIeMfpmWIZ8SGp+fTfwDBWiiRn3aJm4b7rFSro9s++Q=
gopkg.in/check.v1 v0.0.0-20161208181325-20d25e280405/go.mod h1:Co6ibVJAznAaIkqp8huTwlJQCZ016jof/cbN4VW5Yz0=
gopkg.in/check.v1 v1.0.0-20201130134442-10cb98267c6c h1:Hei/4ADfdWqJk1ZMxUNpqntNwaWcugrBjAiHlqqRiVk=
gopkg.in/yaml.v3 v3.0.1 h1:fxVm/GzAzEWqLHuvctI91KS9hhNmmWOoWu0XTYJS7CA=
gopkg.in/yaml.v3 v3.0.1/go.mod h1:K4uyk7z7BCEPqu6E+C64Yfv1cQ7kz7rIZviUmN+EgEM=
